// !$*UTF8*$!
{
	archiveVersion = 1;
	classes = {
	};
	objectVersion = 46;
	objects = {

/* Begin PBXBuildFile section */
		DA08804D1D42C38300C77E7A /* MIDIController.swift in Sources */ = {isa = PBXBuildFile; fileRef = DA08804C1D42C38300C77E7A /* MIDIController.swift */; };
		DAAAF4241D434FD000EF9FCC /* OutputController.swift in Sources */ = {isa = PBXBuildFile; fileRef = DAAAF4231D434FD000EF9FCC /* OutputController.swift */; };
		DAAAF4261D43515900EF9FCC /* JoystickController.swift in Sources */ = {isa = PBXBuildFile; fileRef = DAAAF4251D43515900EF9FCC /* JoystickController.swift */; };
		DAAAF4281D435AC400EF9FCC /* MIDICommon.swift in Sources */ = {isa = PBXBuildFile; fileRef = DAAAF4271D435AC400EF9FCC /* MIDICommon.swift */; };
		DAC7F8E11D41EC6C00516118 /* AppDelegate.swift in Sources */ = {isa = PBXBuildFile; fileRef = DAC7F8E01D41EC6C00516118 /* AppDelegate.swift */; };
		DAC7F8E31D41EC6C00516118 /* ViewController.swift in Sources */ = {isa = PBXBuildFile; fileRef = DAC7F8E21D41EC6C00516118 /* ViewController.swift */; };
		DAC7F8E61D41EC6C00516118 /* Main.storyboard in Resources */ = {isa = PBXBuildFile; fileRef = DAC7F8E41D41EC6C00516118 /* Main.storyboard */; };
		DAC7F8E81D41EC6C00516118 /* Assets.xcassets in Resources */ = {isa = PBXBuildFile; fileRef = DAC7F8E71D41EC6C00516118 /* Assets.xcassets */; };
		DAC7F8EB1D41EC6C00516118 /* LaunchScreen.storyboard in Resources */ = {isa = PBXBuildFile; fileRef = DAC7F8E91D41EC6C00516118 /* LaunchScreen.storyboard */; };
		DAC7F8FD1D425FFA00516118 /* PGMidi.mm in Sources */ = {isa = PBXBuildFile; fileRef = DAC7F8F81D425FFA00516118 /* PGMidi.mm */; };
		DAC7F8FE1D425FFA00516118 /* PGMidiAllSources.mm in Sources */ = {isa = PBXBuildFile; fileRef = DAC7F8FA1D425FFA00516118 /* PGMidiAllSources.mm */; };
		DAC7F8FF1D425FFA00516118 /* PGMidiFind.mm in Sources */ = {isa = PBXBuildFile; fileRef = DAC7F8FC1D425FFA00516118 /* PGMidiFind.mm */; };
		DAC7F9011D4260F300516118 /* CoreMIDI.framework in Frameworks */ = {isa = PBXBuildFile; fileRef = DAC7F9001D4260F300516118 /* CoreMIDI.framework */; };
/* End PBXBuildFile section */

/* Begin PBXFileReference section */
		DA08804C1D42C38300C77E7A /* MIDIController.swift */ = {isa = PBXFileReference; fileEncoding = 4; lastKnownFileType = sourcecode.swift; path = MIDIController.swift; sourceTree = "<group>"; };
		DAAAF4231D434FD000EF9FCC /* OutputController.swift */ = {isa = PBXFileReference; fileEncoding = 4; lastKnownFileType = sourcecode.swift; path = OutputController.swift; sourceTree = "<group>"; };
		DAAAF4251D43515900EF9FCC /* JoystickController.swift */ = {isa = PBXFileReference; fileEncoding = 4; lastKnownFileType = sourcecode.swift; path = JoystickController.swift; sourceTree = "<group>"; };
		DAAAF4271D435AC400EF9FCC /* MIDICommon.swift */ = {isa = PBXFileReference; fileEncoding = 4; lastKnownFileType = sourcecode.swift; path = MIDICommon.swift; sourceTree = "<group>"; };
		DAC7F8DD1D41EC6C00516118 /* TruckJoy.app */ = {isa = PBXFileReference; explicitFileType = wrapper.application; includeInIndex = 0; path = TruckJoy.app; sourceTree = BUILT_PRODUCTS_DIR; };
		DAC7F8E01D41EC6C00516118 /* AppDelegate.swift */ = {isa = PBXFileReference; lastKnownFileType = sourcecode.swift; path = AppDelegate.swift; sourceTree = "<group>"; };
		DAC7F8E21D41EC6C00516118 /* ViewController.swift */ = {isa = PBXFileReference; lastKnownFileType = sourcecode.swift; path = ViewController.swift; sourceTree = "<group>"; };
		DAC7F8E51D41EC6C00516118 /* Base */ = {isa = PBXFileReference; lastKnownFileType = file.storyboard; name = Base; path = Base.lproj/Main.storyboard; sourceTree = "<group>"; };
		DAC7F8E71D41EC6C00516118 /* Assets.xcassets */ = {isa = PBXFileReference; lastKnownFileType = folder.assetcatalog; path = Assets.xcassets; sourceTree = "<group>"; };
		DAC7F8EA1D41EC6C00516118 /* Base */ = {isa = PBXFileReference; lastKnownFileType = file.storyboard; name = Base; path = Base.lproj/LaunchScreen.storyboard; sourceTree = "<group>"; };
		DAC7F8EC1D41EC6C00516118 /* Info.plist */ = {isa = PBXFileReference; lastKnownFileType = text.plist.xml; path = Info.plist; sourceTree = "<group>"; };
		DAC7F8F51D425FFA00516118 /* iOSVersionDetection.h */ = {isa = PBXFileReference; fileEncoding = 4; lastKnownFileType = sourcecode.c.h; path = iOSVersionDetection.h; sourceTree = "<group>"; };
		DAC7F8F61D425FFA00516118 /* PGArc.h */ = {isa = PBXFileReference; fileEncoding = 4; lastKnownFileType = sourcecode.c.h; path = PGArc.h; sourceTree = "<group>"; };
		DAC7F8F71D425FFA00516118 /* PGMidi.h */ = {isa = PBXFileReference; fileEncoding = 4; lastKnownFileType = sourcecode.c.h; path = PGMidi.h; sourceTree = "<group>"; };
		DAC7F8F81D425FFA00516118 /* PGMidi.mm */ = {isa = PBXFileReference; fileEncoding = 4; lastKnownFileType = sourcecode.cpp.objcpp; path = PGMidi.mm; sourceTree = "<group>"; };
		DAC7F8F91D425FFA00516118 /* PGMidiAllSources.h */ = {isa = PBXFileReference; fileEncoding = 4; lastKnownFileType = sourcecode.c.h; path = PGMidiAllSources.h; sourceTree = "<group>"; };
		DAC7F8FA1D425FFA00516118 /* PGMidiAllSources.mm */ = {isa = PBXFileReference; fileEncoding = 4; lastKnownFileType = sourcecode.cpp.objcpp; path = PGMidiAllSources.mm; sourceTree = "<group>"; };
		DAC7F8FB1D425FFA00516118 /* PGMidiFind.h */ = {isa = PBXFileReference; fileEncoding = 4; lastKnownFileType = sourcecode.c.h; path = PGMidiFind.h; sourceTree = "<group>"; };
		DAC7F8FC1D425FFA00516118 /* PGMidiFind.mm */ = {isa = PBXFileReference; fileEncoding = 4; lastKnownFileType = sourcecode.cpp.objcpp; path = PGMidiFind.mm; sourceTree = "<group>"; };
		DAC7F9001D4260F300516118 /* CoreMIDI.framework */ = {isa = PBXFileReference; lastKnownFileType = wrapper.framework; name = CoreMIDI.framework; path = System/Library/Frameworks/CoreMIDI.framework; sourceTree = SDKROOT; };
		DAC7F9021D42635C00516118 /* TruckJoy-Bridging-Header.h */ = {isa = PBXFileReference; lastKnownFileType = sourcecode.c.h; path = "TruckJoy-Bridging-Header.h"; sourceTree = "<group>"; };
/* End PBXFileReference section */

/* Begin PBXFrameworksBuildPhase section */
		DAC7F8DA1D41EC6C00516118 /* Frameworks */ = {
			isa = PBXFrameworksBuildPhase;
			buildActionMask = 2147483647;
			files = (
				DAC7F9011D4260F300516118 /* CoreMIDI.framework in Frameworks */,
			);
			runOnlyForDeploymentPostprocessing = 0;
		};
/* End PBXFrameworksBuildPhase section */

/* Begin PBXGroup section */
		DAC734531D44950D00DE761C /* Supporting Files */ = {
			isa = PBXGroup;
			children = (
				DAC7F8EC1D41EC6C00516118 /* Info.plist */,
				DAC7F8E71D41EC6C00516118 /* Assets.xcassets */,
				DAC7F9021D42635C00516118 /* TruckJoy-Bridging-Header.h */,
			);
			name = "Supporting Files";
			sourceTree = "<group>";
		};
		DAC7F8D41D41EC6C00516118 = {
			isa = PBXGroup;
			children = (
				DAC7F8DF1D41EC6C00516118 /* TruckJoy */,
				DAC7F8F41D425FFA00516118 /* PGMidi */,
				DAC7F8DE1D41EC6C00516118 /* Products */,
			);
			sourceTree = "<group>";
		};
		DAC7F8DE1D41EC6C00516118 /* Products */ = {
			isa = PBXGroup;
			children = (
				DAC7F8DD1D41EC6C00516118 /* TruckJoy.app */,
			);
			name = Products;
			sourceTree = "<group>";
		};
		DAC7F8DF1D41EC6C00516118 /* TruckJoy */ = {
			isa = PBXGroup;
			children = (
				DAC7F8E01D41EC6C00516118 /* AppDelegate.swift */,
				DAC7F8E21D41EC6C00516118 /* ViewController.swift */,
				DAAAF4231D434FD000EF9FCC /* OutputController.swift */,
				DAAAF4251D43515900EF9FCC /* JoystickController.swift */,
				DAAAF4271D435AC400EF9FCC /* MIDICommon.swift */,
				DA08804C1D42C38300C77E7A /* MIDIController.swift */,
				DAC7F8E41D41EC6C00516118 /* Main.storyboard */,
				DAC7F8E91D41EC6C00516118 /* LaunchScreen.storyboard */,
				DAC734531D44950D00DE761C /* Supporting Files */,
			);
			path = TruckJoy;
			sourceTree = "<group>";
		};
		DAC7F8F41D425FFA00516118 /* PGMidi */ = {
			isa = PBXGroup;
			children = (
				DAC7F9001D4260F300516118 /* CoreMIDI.framework */,
				DAC7F8F51D425FFA00516118 /* iOSVersionDetection.h */,
				DAC7F8F61D425FFA00516118 /* PGArc.h */,
				DAC7F8F71D425FFA00516118 /* PGMidi.h */,
				DAC7F8F81D425FFA00516118 /* PGMidi.mm */,
				DAC7F8F91D425FFA00516118 /* PGMidiAllSources.h */,
				DAC7F8FA1D425FFA00516118 /* PGMidiAllSources.mm */,
				DAC7F8FB1D425FFA00516118 /* PGMidiFind.h */,
				DAC7F8FC1D425FFA00516118 /* PGMidiFind.mm */,
			);
			name = PGMidi;
			path = TruckJoy/PGMidi;
			sourceTree = "<group>";
		};
/* End PBXGroup section */

/* Begin PBXNativeTarget section */
		DAC7F8DC1D41EC6C00516118 /* TruckJoy */ = {
			isa = PBXNativeTarget;
			buildConfigurationList = DAC7F8EF1D41EC6C00516118 /* Build configuration list for PBXNativeTarget "TruckJoy" */;
			buildPhases = (
				DAC7F8D91D41EC6C00516118 /* Sources */,
				DAC7F8DA1D41EC6C00516118 /* Frameworks */,
				DAC7F8DB1D41EC6C00516118 /* Resources */,
			);
			buildRules = (
			);
			dependencies = (
			);
			name = TruckJoy;
			productName = TruckJoy;
			productReference = DAC7F8DD1D41EC6C00516118 /* TruckJoy.app */;
			productType = "com.apple.product-type.application";
		};
/* End PBXNativeTarget section */

/* Begin PBXProject section */
		DAC7F8D51D41EC6C00516118 /* Project object */ = {
			isa = PBXProject;
			attributes = {
				LastSwiftUpdateCheck = 0730;
				LastUpgradeCheck = 0730;
				ORGANIZATIONNAME = Mathemusician.net;
				TargetAttributes = {
					DAC7F8DC1D41EC6C00516118 = {
						CreatedOnToolsVersion = 7.3.1;
					};
				};
			};
			buildConfigurationList = DAC7F8D81D41EC6C00516118 /* Build configuration list for PBXProject "TruckJoy" */;
			compatibilityVersion = "Xcode 3.2";
			developmentRegion = English;
			hasScannedForEncodings = 0;
			knownRegions = (
				en,
				Base,
			);
			mainGroup = DAC7F8D41D41EC6C00516118;
			productRefGroup = DAC7F8DE1D41EC6C00516118 /* Products */;
			projectDirPath = "";
			projectRoot = "";
			targets = (
				DAC7F8DC1D41EC6C00516118 /* TruckJoy */,
			);
		};
/* End PBXProject section */

/* Begin PBXResourcesBuildPhase section */
		DAC7F8DB1D41EC6C00516118 /* Resources */ = {
			isa = PBXResourcesBuildPhase;
			buildActionMask = 2147483647;
			files = (
				DAC7F8EB1D41EC6C00516118 /* LaunchScreen.storyboard in Resources */,
				DAC7F8E81D41EC6C00516118 /* Assets.xcassets in Resources */,
				DAC7F8E61D41EC6C00516118 /* Main.storyboard in Resources */,
			);
			runOnlyForDeploymentPostprocessing = 0;
		};
/* End PBXResourcesBuildPhase section */

/* Begin PBXSourcesBuildPhase section */
		DAC7F8D91D41EC6C00516118 /* Sources */ = {
			isa = PBXSourcesBuildPhase;
			buildActionMask = 2147483647;
			files = (
				DAC7F8E31D41EC6C00516118 /* ViewController.swift in Sources */,
				DAC7F8FD1D425FFA00516118 /* PGMidi.mm in Sources */,
				DAC7F8FE1D425FFA00516118 /* PGMidiAllSources.mm in Sources */,
				DAC7F8E11D41EC6C00516118 /* AppDelegate.swift in Sources */,
				DAC7F8FF1D425FFA00516118 /* PGMidiFind.mm in Sources */,
				DAAAF4241D434FD000EF9FCC /* OutputController.swift in Sources */,
				DA08804D1D42C38300C77E7A /* MIDIController.swift in Sources */,
				DAAAF4281D435AC400EF9FCC /* MIDICommon.swift in Sources */,
				DAAAF4261D43515900EF9FCC /* JoystickController.swift in Sources */,
			);
			runOnlyForDeploymentPostprocessing = 0;
		};
/* End PBXSourcesBuildPhase section */

/* Begin PBXVariantGroup section */
		DAC7F8E41D41EC6C00516118 /* Main.storyboard */ = {
			isa = PBXVariantGroup;
			children = (
				DAC7F8E51D41EC6C00516118 /* Base */,
			);
			name = Main.storyboard;
			sourceTree = "<group>";
		};
		DAC7F8E91D41EC6C00516118 /* LaunchScreen.storyboard */ = {
			isa = PBXVariantGroup;
			children = (
				DAC7F8EA1D41EC6C00516118 /* Base */,
			);
			name = LaunchScreen.storyboard;
			sourceTree = "<group>";
		};
/* End PBXVariantGroup section */

/* Begin XCBuildConfiguration section */
		DAC7F8ED1D41EC6C00516118 /* Debug */ = {
			isa = XCBuildConfiguration;
			buildSettings = {
				ALWAYS_SEARCH_USER_PATHS = NO;
				CLANG_ANALYZER_NONNULL = YES;
				CLANG_CXX_LANGUAGE_STANDARD = "gnu++0x";
				CLANG_CXX_LIBRARY = "libc++";
				CLANG_ENABLE_MODULES = YES;
				CLANG_ENABLE_OBJC_ARC = YES;
				CLANG_WARN_BOOL_CONVERSION = YES;
				CLANG_WARN_CONSTANT_CONVERSION = YES;
				CLANG_WARN_DIRECT_OBJC_ISA_USAGE = YES_ERROR;
				CLANG_WARN_EMPTY_BODY = YES;
				CLANG_WARN_ENUM_CONVERSION = YES;
				CLANG_WARN_INT_CONVERSION = YES;
				CLANG_WARN_OBJC_ROOT_CLASS = YES_ERROR;
				CLANG_WARN_UNREACHABLE_CODE = YES;
				CLANG_WARN__DUPLICATE_METHOD_MATCH = YES;
				"CODE_SIGN_IDENTITY[sdk=iphoneos*]" = "iPhone Developer";
				COPY_PHASE_STRIP = NO;
				DEBUG_INFORMATION_FORMAT = dwarf;
				ENABLE_STRICT_OBJC_MSGSEND = YES;
				ENABLE_TESTABILITY = YES;
				GCC_C_LANGUAGE_STANDARD = gnu99;
				GCC_DYNAMIC_NO_PIC = NO;
				GCC_NO_COMMON_BLOCKS = YES;
				GCC_OPTIMIZATION_LEVEL = 0;
				GCC_PREPROCESSOR_DEFINITIONS = (
					"DEBUG=1",
					"$(inherited)",
				);
				GCC_WARN_64_TO_32_BIT_CONVERSION = YES;
				GCC_WARN_ABOUT_RETURN_TYPE = YES_ERROR;
				GCC_WARN_UNDECLARED_SELECTOR = YES;
				GCC_WARN_UNINITIALIZED_AUTOS = YES_AGGRESSIVE;
				GCC_WARN_UNUSED_FUNCTION = YES;
				GCC_WARN_UNUSED_VARIABLE = YES;
				IPHONEOS_DEPLOYMENT_TARGET = 9.3;
				MTL_ENABLE_DEBUG_INFO = YES;
				ONLY_ACTIVE_ARCH = YES;
				SDKROOT = iphoneos;
				SWIFT_OPTIMIZATION_LEVEL = "-Onone";
			};
			name = Debug;
		};
		DAC7F8EE1D41EC6C00516118 /* Release */ = {
			isa = XCBuildConfiguration;
			buildSettings = {
				ALWAYS_SEARCH_USER_PATHS = NO;
				CLANG_ANALYZER_NONNULL = YES;
				CLANG_CXX_LANGUAGE_STANDARD = "gnu++0x";
				CLANG_CXX_LIBRARY = "libc++";
				CLANG_ENABLE_MODULES = YES;
				CLANG_ENABLE_OBJC_ARC = YES;
				CLANG_WARN_BOOL_CONVERSION = YES;
				CLANG_WARN_CONSTANT_CONVERSION = YES;
				CLANG_WARN_DIRECT_OBJC_ISA_USAGE = YES_ERROR;
				CLANG_WARN_EMPTY_BODY = YES;
				CLANG_WARN_ENUM_CONVERSION = YES;
				CLANG_WARN_INT_CONVERSION = YES;
				CLANG_WARN_OBJC_ROOT_CLASS = YES_ERROR;
				CLANG_WARN_UNREACHABLE_CODE = YES;
				CLANG_WARN__DUPLICATE_METHOD_MATCH = YES;
				"CODE_SIGN_IDENTITY[sdk=iphoneos*]" = "iPhone Developer";
				COPY_PHASE_STRIP = NO;
				DEBUG_INFORMATION_FORMAT = "dwarf-with-dsym";
				ENABLE_NS_ASSERTIONS = NO;
				ENABLE_STRICT_OBJC_MSGSEND = YES;
				GCC_C_LANGUAGE_STANDARD = gnu99;
				GCC_NO_COMMON_BLOCKS = YES;
				GCC_WARN_64_TO_32_BIT_CONVERSION = YES;
				GCC_WARN_ABOUT_RETURN_TYPE = YES_ERROR;
				GCC_WARN_UNDECLARED_SELECTOR = YES;
				GCC_WARN_UNINITIALIZED_AUTOS = YES_AGGRESSIVE;
				GCC_WARN_UNUSED_FUNCTION = YES;
				GCC_WARN_UNUSED_VARIABLE = YES;
				IPHONEOS_DEPLOYMENT_TARGET = 9.3;
				MTL_ENABLE_DEBUG_INFO = NO;
				SDKROOT = iphoneos;
				VALIDATE_PRODUCT = YES;
			};
			name = Release;
		};
		DAC7F8F01D41EC6C00516118 /* Debug */ = {
			isa = XCBuildConfiguration;
			buildSettings = {
				ASSETCATALOG_COMPILER_APPICON_NAME = AppIcon;
				INFOPLIST_FILE = TruckJoy/Info.plist;
				LD_RUNPATH_SEARCH_PATHS = "$(inherited) @executable_path/Frameworks";
				PRODUCT_BUNDLE_IDENTIFIER = net.mathemusician.TruckJoy;
				PRODUCT_NAME = "$(TARGET_NAME)";
				SWIFT_OBJC_BRIDGING_HEADER = "TruckJoy/TruckJoy-Bridging-Header.h";
				TARGETED_DEVICE_FAMILY = "1,2";
			};
			name = Debug;
		};
		DAC7F8F11D41EC6C00516118 /* Release */ = {
			isa = XCBuildConfiguration;
			buildSettings = {
				ASSETCATALOG_COMPILER_APPICON_NAME = AppIcon;
				INFOPLIST_FILE = TruckJoy/Info.plist;
				LD_RUNPATH_SEARCH_PATHS = "$(inherited) @executable_path/Frameworks";
				PRODUCT_BUNDLE_IDENTIFIER = net.mathemusician.TruckJoy;
				PRODUCT_NAME = "$(TARGET_NAME)";
				SWIFT_OBJC_BRIDGING_HEADER = "TruckJoy/TruckJoy-Bridging-Header.h";
				TARGETED_DEVICE_FAMILY = "1,2";
			};
			name = Release;
		};
/* End XCBuildConfiguration section */

/* Begin XCConfigurationList section */
		DAC7F8D81D41EC6C00516118 /* Build configuration list for PBXProject "TruckJoy" */ = {
			isa = XCConfigurationList;
			buildConfigurations = (
				DAC7F8ED1D41EC6C00516118 /* Debug */,
				DAC7F8EE1D41EC6C00516118 /* Release */,
			);
			defaultConfigurationIsVisible = 0;
			defaultConfigurationName = Release;
		};
		DAC7F8EF1D41EC6C00516118 /* Build configuration list for PBXNativeTarget "TruckJoy" */ = {
			isa = XCConfigurationList;
			buildConfigurations = (
				DAC7F8F01D41EC6C00516118 /* Debug */,
				DAC7F8F11D41EC6C00516118 /* Release */,
			);
			defaultConfigurationIsVisible = 0;
			defaultConfigurationName = Release;
		};
/* End XCConfigurationList section */
	};
	rootObject = DAC7F8D51D41EC6C00516118 /* Project object */;
}
